{
    "_readme": [
        "This file locks the dependencies of your project to a known state",
        "Read more about it at https://getcomposer.org/doc/01-basic-usage.md#installing-dependencies",
        "This file is @generated automatically"
    ],
    "content-hash": "8f75c7f2b502b2bb0b90c651e24602f0",
    "packages": [
        {
            "name": "geerlingguy/ping",
            "version": "1.1.2",
            "source": {
                "type": "git",
                "url": "https://github.com/geerlingguy/Ping.git",
                "reference": "b16248c0a59a6555437744db8b78c0589cfc32f9"
            },
            "dist": {
                "type": "zip",
                "url": "https://api.github.com/repos/geerlingguy/Ping/zipball/b16248c0a59a6555437744db8b78c0589cfc32f9",
                "reference": "b16248c0a59a6555437744db8b78c0589cfc32f9",
                "shasum": ""
            },
            "type": "library",
            "autoload": {
                "classmap": [
                    "JJG/Ping.php"
                ]
            },
            "notification-url": "https://packagist.org/downloads/",
            "license": [
                "MIT"
            ],
            "authors": [
                {
                    "name": "Jeff Geerling",
                    "email": "jeff@jeffgeerling.com"
                }
            ],
            "description": "A PHP class to ping hosts.",
            "time": "2017-02-02T15:38:40+00:00"
        }
    ],
    "packages-dev": [],
    "aliases": [],
    "minimum-stability": "stable",
    "stability-flags": [],
    "prefer-stable": false,
    "prefer-lowest": false,
    "platform": [],
    "platform-dev": []
}
